
Microsoft Visual Studio Solution File, Format Version 12.00
# Visual Studio Version 17
VisualStudioVersion = 17.8.34309.116
MinimumVisualStudioVersion = 10.0.40219.1
Project("{FAE04EC0-301F-11D3-BF4B-00C04F79EFBC}") = "Trans", "Trans.csproj", "{48524C95-E23E-4C6B-B392-CBD0A0BA4AE0}"
EndProject
Global
	GlobalSection(SolutionConfigurationPlatforms) = preSolution
		Debug|Any CPU = Debug|Any CPU
		Release|Any CPU = Release|Any CPU
	EndGlobalSection
	GlobalSection(ProjectConfigurationPlatforms) = postSolution
		{48524C95-E23E-4C6B-B392-CBD0A0BA4AE0}.Debug|Any CPU.ActiveCfg = Debug|Any CPU
		{48524C95-E23E-4C6B-B392-CBD0A0BA4AE0}.Debug|Any CPU.Build.0 = Debug|Any CPU
		{48524C95-E23E-4C6B-B392-CBD0A0BA4AE0}.Release|Any CPU.ActiveCfg = Release|Any CPU
		{48524C95-E23E-4C6B-B392-CBD0A0BA4AE0}.Release|Any CPU.Build.0 = Release|Any CPU
	EndGlobalSection
	GlobalSection(SolutionProperties) = preSolution
		HideSolutionNode = FALSE
	EndGlobalSection
	GlobalSection(ExtensibilityGlobals) = postSolution
		SolutionGuid = {7E4BD9DE-5FA6-4971-BCC3-FBF85CDD4D2A}
	EndGlobalSection
EndGlobal
